// !$*UTF8*$!
{
	archiveVersion = 1;
	classes = {
	};
	objectVersion = 46;
	objects = {

/* Begin PBXBuildFile section */
		90415A1E1D8764D900C03BCE /* AppDelegate.swift in Sources */ = {isa = PBXBuildFile; fileRef = 90415A1D1D8764D900C03BCE /* AppDelegate.swift */; };
		90415A201D8764D900C03BCE /* ViewController.swift in Sources */ = {isa = PBXBuildFile; fileRef = 90415A1F1D8764D900C03BCE /* ViewController.swift */; };
		90415A231D8764D900C03BCE /* Main.storyboard in Resources */ = {isa = PBXBuildFile; fileRef = 90415A211D8764D900C03BCE /* Main.storyboard */; };
		90415A251D8764D900C03BCE /* Assets.xcassets in Resources */ = {isa = PBXBuildFile; fileRef = 90415A241D8764D900C03BCE /* Assets.xcassets */; };
		90415A281D8764D900C03BCE /* LaunchScreen.storyboard in Resources */ = {isa = PBXBuildFile; fileRef = 90415A261D8764D900C03BCE /* LaunchScreen.storyboard */; };
/* End PBXBuildFile section */

/* Begin PBXFileReference section */
		90415A1A1D8764D900C03BCE /* Github.app */ = {isa = PBXFileReference; explicitFileType = wrapper.application; includeInIndex = 0; path = Github.app; sourceTree = BUILT_PRODUCTS_DIR; };
		90415A1D1D8764D900C03BCE /* AppDelegate.swift */ = {isa = PBXFileReference; lastKnownFileType = sourcecode.swift; path = AppDelegate.swift; sourceTree = "<group>"; };
		90415A1F1D8764D900C03BCE /* ViewController.swift */ = {isa = PBXFileReference; lastKnownFileType = sourcecode.swift; path = ViewController.swift; sourceTree = "<group>"; };
		90415A221D8764D900C03BCE /* Base */ = {isa = PBXFileReference; lastKnownFileType = file.storyboard; name = Base; path = Base.lproj/Main.storyboard; sourceTree = "<group>"; };
		90415A241D8764D900C03BCE /* Assets.xcassets */ = {isa = PBXFileReference; lastKnownFileType = folder.assetcatalog; path = Assets.xcassets; sourceTree = "<group>"; };
		90415A271D8764D900C03BCE /* Base */ = {isa = PBXFileReference; lastKnownFileType = file.storyboard; name = Base; path = Base.lproj/LaunchScreen.storyboard; sourceTree = "<group>"; };
		90415A291D8764D900C03BCE /* Info.plist */ = {isa = PBXFileReference; lastKnownFileType = text.plist.xml; path = Info.plist; sourceTree = "<group>"; };
/* End PBXFileReference section */

/* Begin PBXFrameworksBuildPhase section */
		90415A171D8764D900C03BCE /* Frameworks */ = {
			isa = PBXFrameworksBuildPhase;
			buildActionMask = 2147483647;
			files = (
			);
			runOnlyForDeploymentPostprocessing = 0;
		};
/* End PBXFrameworksBuildPhase section */

/* Begin PBXGroup section */
		90415A111D8764D900C03BCE = {
			isa = PBXGroup;
			children = (
				90415A1C1D8764D900C03BCE /* Github */,
				90415A1B1D8764D900C03BCE /* Products */,
			);
			sourceTree = "<group>";
		};
		90415A1B1D8764D900C03BCE /* Products */ = {
			isa = PBXGroup;
			children = (
				90415A1A1D8764D900C03BCE /* Github.app */,
			);
			name = Products;
			sourceTree = "<group>";
		};
		90415A1C1D8764D900C03BCE /* Github */ = {
			isa = PBXGroup;
			children = (
				90415A1D1D8764D900C03BCE /* AppDelegate.swift */,
				90415A1F1D8764D900C03BCE /* ViewController.swift */,
				90415A211D8764D900C03BCE /* Main.storyboard */,
				90415A241D8764D900C03BCE /* Assets.xcassets */,
				90415A261D8764D900C03BCE /* LaunchScreen.storyboard */,
				90415A291D8764D900C03BCE /* Info.plist */,
			);
			path = Github;
			sourceTree = "<group>";
		};
/* End PBXGroup section */

/* Begin PBXNativeTarget section */
		90415A191D8764D900C03BCE /* Github */ = {
			isa = PBXNativeTarget;
			buildConfigurationList = 90415A2C1D8764D900C03BCE /* Build configuration list for PBXNativeTarget "Github" */;
			buildPhases = (
				90415A161D8764D900C03BCE /* Sources */,
				90415A171D8764D900C03BCE /* Frameworks */,
				90415A181D8764D900C03BCE /* Resources */,
			);
			buildRules = (
			);
			dependencies = (
			);
			name = Github;
			productName = Github;
			productReference = 90415A1A1D8764D900C03BCE /* Github.app */;
			productType = "com.apple.product-type.application";
		};
/* End PBXNativeTarget section */

/* Begin PBXProject section */
		90415A121D8764D900C03BCE /* Project object */ = {
			isa = PBXProject;
			attributes = {
				LastSwiftUpdateCheck = 0730;
				LastUpgradeCheck = 0730;
				ORGANIZATIONNAME = "Rock Valley College";
				TargetAttributes = {
					90415A191D8764D900C03BCE = {
						CreatedOnToolsVersion = 7.3.1;
					};
				};
			};
			buildConfigurationList = 90415A151D8764D900C03BCE /* Build configuration list for PBXProject "Github" */;
			compatibilityVersion = "Xcode 3.2";
			developmentRegion = English;
			hasScannedForEncodings = 0;
			knownRegions = (
				en,
				Base,
			);
			mainGroup = 90415A111D8764D900C03BCE;
			productRefGroup = 90415A1B1D8764D900C03BCE /* Products */;
			projectDirPath = "";
			projectRoot = "";
			targets = (
				90415A191D8764D900C03BCE /* Github */,
			);
		};
/* End PBXProject section */

/* Begin PBXResourcesBuildPhase section */
		90415A181D8764D900C03BCE /* Resources */ = {
			isa = PBXResourcesBuildPhase;
			buildActionMask = 2147483647;
			files = (
				90415A281D8764D900C03BCE /* LaunchScreen.storyboard in Resources */,
				90415A251D8764D900C03BCE /* Assets.xcassets in Resources */,
				90415A231D8764D900C03BCE /* Main.storyboard in Resources */,
			);
			runOnlyForDeploymentPostprocessing = 0;
		};
/* End PBXResourcesBuildPhase section */

/* Begin PBXSourcesBuildPhase section */
		90415A161D8764D900C03BCE /* Sources */ = {
			isa = PBXSourcesBuildPhase;
			buildActionMask = 2147483647;
			files = (
				90415A201D8764D900C03BCE /* ViewController.swift in Sources */,
				90415A1E1D8764D900C03BCE /* AppDelegate.swift in Sources */,
			);
			runOnlyForDeploymentPostprocessing = 0;
		};
/* End PBXSourcesBuildPhase section */

/* Begin PBXVariantGroup section */
		90415A211D8764D900C03BCE /* Main.storyboard */ = {
			isa = PBXVariantGroup;
			children = (
				90415A221D8764D900C03BCE /* Base */,
			);
			name = Main.storyboard;
			sourceTree = "<group>";
		};
		90415A261D8764D900C03BCE /* LaunchScreen.storyboard */ = {
			isa = PBXVariantGroup;
			children = (
				90415A271D8764D900C03BCE /* Base */,
			);
			name = LaunchScreen.storyboard;
			sourceTree = "<group>";
		};
/* End PBXVariantGroup section */

/* Begin XCBuildConfiguration section */
		90415A2A1D8764D900C03BCE /* Debug */ = {
			isa = XCBuildConfiguration;
			buildSettings = {
				ALWAYS_SEARCH_USER_PATHS = NO;
				CLANG_ANALYZER_NONNULL = YES;
				CLANG_CXX_LANGUAGE_STANDARD = "gnu++0x";
				CLANG_CXX_LIBRARY = "libc++";
				CLANG_ENABLE_MODULES = YES;
				CLANG_ENABLE_OBJC_ARC = YES;
				CLANG_WARN_BOOL_CONVERSION = YES;
				CLANG_WARN_CONSTANT_CONVERSION = YES;
				CLANG_WARN_DIRECT_OBJC_ISA_USAGE = YES_ERROR;
				CLANG_WARN_EMPTY_BODY = YES;
				CLANG_WARN_ENUM_CONVERSION = YES;
				CLANG_WARN_INT_CONVERSION = YES;
				CLANG_WARN_OBJC_ROOT_CLASS = YES_ERROR;
				CLANG_WARN_UNREACHABLE_CODE = YES;
				CLANG_WARN__DUPLICATE_METHOD_MATCH = YES;
				"CODE_SIGN_IDENTITY[sdk=iphoneos*]" = "iPhone Developer";
				COPY_PHASE_STRIP = NO;
				DEBUG_INFORMATION_FORMAT = dwarf;
				ENABLE_STRICT_OBJC_MSGSEND = YES;
				ENABLE_TESTABILITY = YES;
				GCC_C_LANGUAGE_STANDARD = gnu99;
				GCC_DYNAMIC_NO_PIC = NO;
				GCC_NO_COMMON_BLOCKS = YES;
				GCC_OPTIMIZATION_LEVEL = 0;
				GCC_PREPROCESSOR_DEFINITIONS = (
					"DEBUG=1",
					"$(inherited)",
				);
				GCC_WARN_64_TO_32_BIT_CONVERSION = YES;
				GCC_WARN_ABOUT_RETURN_TYPE = YES_ERROR;
				GCC_WARN_UNDECLARED_SELECTOR = YES;
				GCC_WARN_UNINITIALIZED_AUTOS = YES_AGGRESSIVE;
				GCC_WARN_UNUSED_FUNCTION = YES;
				GCC_WARN_UNUSED_VARIABLE = YES;
				IPHONEOS_DEPLOYMENT_TARGET = 9.3;
				MTL_ENABLE_DEBUG_INFO = YES;
				ONLY_ACTIVE_ARCH = YES;
				SDKROOT = iphoneos;
				SWIFT_OPTIMIZATION_LEVEL = "-Onone";
				TARGETED_DEVICE_FAMILY = "1,2";
			};
			name = Debug;
		};
		90415A2B1D8764D900C03BCE /* Release */ = {
			isa = XCBuildConfiguration;
			buildSettings = {
				ALWAYS_SEARCH_USER_PATHS = NO;
				CLANG_ANALYZER_NONNULL = YES;
				CLANG_CXX_LANGUAGE_STANDARD = "gnu++0x";
				CLANG_CXX_LIBRARY = "libc++";
				CLANG_ENABLE_MODULES = YES;
				CLANG_ENABLE_OBJC_ARC = YES;
				CLANG_WARN_BOOL_CONVERSION = YES;
				CLANG_WARN_CONSTANT_CONVERSION = YES;
				CLANG_WARN_DIRECT_OBJC_ISA_USAGE = YES_ERROR;
				CLANG_WARN_EMPTY_BODY = YES;
				CLANG_WARN_ENUM_CONVERSION = YES;
				CLANG_WARN_INT_CONVERSION = YES;
				CLANG_WARN_OBJC_ROOT_CLASS = YES_ERROR;
				CLANG_WARN_UNREACHABLE_CODE = YES;
				CLANG_WARN__DUPLICATE_METHOD_MATCH = YES;
				"CODE_SIGN_IDENTITY[sdk=iphoneos*]" = "iPhone Developer";
				COPY_PHASE_STRIP = NO;
				DEBUG_INFORMATION_FORMAT = "dwarf-with-dsym";
				ENABLE_NS_ASSERTIONS = NO;
				ENABLE_STRICT_OBJC_MSGSEND = YES;
				GCC_C_LANGUAGE_STANDARD = gnu99;
				GCC_NO_COMMON_BLOCKS = YES;
				GCC_WARN_64_TO_32_BIT_CONVERSION = YES;
				GCC_WARN_ABOUT_RETURN_TYPE = YES_ERROR;
				GCC_WARN_UNDECLARED_SELECTOR = YES;
				GCC_WARN_UNINITIALIZED_AUTOS = YES_AGGRESSIVE;
				GCC_WARN_UNUSED_FUNCTION = YES;
				GCC_WARN_UNUSED_VARIABLE = YES;
				IPHONEOS_DEPLOYMENT_TARGET = 9.3;
				MTL_ENABLE_DEBUG_INFO = NO;
				SDKROOT = iphoneos;
				TARGETED_DEVICE_FAMILY = "1,2";
				VALIDATE_PRODUCT = YES;
			};
			name = Release;
		};
		90415A2D1D8764D900C03BCE /* Debug */ = {
			isa = XCBuildConfiguration;
			buildSettings = {
				ASSETCATALOG_COMPILER_APPICON_NAME = AppIcon;
				INFOPLIST_FILE = Github/Info.plist;
				LD_RUNPATH_SEARCH_PATHS = "$(inherited) @executable_path/Frameworks";
				PRODUCT_BUNDLE_IDENTIFIER = edu.RockValleyCollege.Github;
				PRODUCT_NAME = "$(TARGET_NAME)";
			};
			name = Debug;
		};
		90415A2E1D8764D900C03BCE /* Release */ = {
			isa = XCBuildConfiguration;
			buildSettings = {
				ASSETCATALOG_COMPILER_APPICON_NAME = AppIcon;
				INFOPLIST_FILE = Github/Info.plist;
				LD_RUNPATH_SEARCH_PATHS = "$(inherited) @executable_path/Frameworks";
				PRODUCT_BUNDLE_IDENTIFIER = edu.RockValleyCollege.Github;
				PRODUCT_NAME = "$(TARGET_NAME)";
			};
			name = Release;
		};
/* End XCBuildConfiguration section */

/* Begin XCConfigurationList section */
		90415A151D8764D900C03BCE /* Build configuration list for PBXProject "Github" */ = {
			isa = XCConfigurationList;
			buildConfigurations = (
				90415A2A1D8764D900C03BCE /* Debug */,
				90415A2B1D8764D900C03BCE /* Release */,
			);
			defaultConfigurationIsVisible = 0;
			defaultConfigurationName = Release;
		};
		90415A2C1D8764D900C03BCE /* Build configuration list for PBXNativeTarget "Github" */ = {
			isa = XCConfigurationList;
			buildConfigurations = (
				90415A2D1D8764D900C03BCE /* Debug */,
				90415A2E1D8764D900C03BCE /* Release */,
			);
			defaultConfigurationIsVisible = 0;
		};
/* End XCConfigurationList section */
	};
	rootObject = 90415A121D8764D900C03BCE /* Project object */;
}
